{
  "name": "krwa",
  "version": "0.3.0-SNAPSHOT",
  "lockfileVersion": 3,
  "requires": true,
  "packages": {
    "": {
      "name": "krwa",
      "version": "0.3.0-SNAPSHOT",
      "workspaces": [
        "packages/krwa-component-model",
        "packages/krwa-component-model-test",
        "packages/krwa-runtime",
        "packages/krwa-runtime-test",
        "packages/krwa-wasi",
        "packages/krwa-wasi-test",
        "packages/krwa-wasi-preview3",
        "packages/krwa-wasi-preview3-test",
        "packages/krwa-wasm",
        "packages/krwa-wasm-test",
        "packages/krwa-annotations-annotations",
        "packages/krwa-annotations-annotations-test",
        "packages_imported/ktor-ktor-client-core/3.5.0",
        "packages_imported/Kotlin-DateTime-library-kotlinx-datetime-wasm-js/0.8.0"
      ],
      "devDependencies": {}
    },
    "node_modules/@js-joda/core": {
      "version": "3.2.0",
      "resolved": "https://registry.npmjs.org/@js-joda/core/-/core-3.2.0.tgz",
      "integrity": "sha512-PMqgJ0sw5B7FKb2d5bWYIoxjri+QlW/Pys7+Rw82jSH0QN3rB05jZ/VrrsUdh1w4+i2kw9JOejXGq/KhDOX7Kg==",
      "license": "BSD-3-Clause"
    },
    "node_modules/Kotlin-DateTime-library-kotlinx-datetime-wasm-js": {
      "resolved": "packages_imported/Kotlin-DateTime-library-kotlinx-datetime-wasm-js/0.8.0",
      "link": true
    },
    "node_modules/krwa-annotations-annotations": {
      "resolved": "packages/krwa-annotations-annotations",
      "link": true
    },
    "node_modules/krwa-annotations-annotations-test": {
      "resolved": "packages/krwa-annotations-annotations-test",
      "link": true
    },
    "node_modules/krwa-component-model": {
      "resolved": "packages/krwa-component-model",
      "link": true
    },
    "node_modules/krwa-component-model-test": {
      "resolved": "packages/krwa-component-model-test",
      "link": true
    },
    "node_modules/krwa-runtime": {
      "resolved": "packages/krwa-runtime",
      "link": true
    },
    "node_modules/krwa-runtime-test": {
      "resolved": "packages/krwa-runtime-test",
      "link": true
    },
    "node_modules/krwa-wasi": {
      "resolved": "packages/krwa-wasi",
      "link": true
    },
    "node_modules/krwa-wasi-preview3": {
      "resolved": "packages/krwa-wasi-preview3",
      "link": true
    },
    "node_modules/krwa-wasi-preview3-test": {
      "resolved": "packages/krwa-wasi-preview3-test",
      "link": true
    },
    "node_modules/krwa-wasi-test": {
      "resolved": "packages/krwa-wasi-test",
      "link": true
    },
    "node_modules/krwa-wasm": {
      "resolved": "packages/krwa-wasm",
      "link": true
    },
    "node_modules/krwa-wasm-test": {
      "resolved": "packages/krwa-wasm-test",
      "link": true
    },
    "node_modules/ktor-ktor-client-core": {
      "resolved": "packages_imported/ktor-ktor-client-core/3.5.0",
      "link": true
    },
    "node_modules/ws": {
      "version": "8.18.3",
      "resolved": "https://registry.npmjs.org/ws/-/ws-8.18.3.tgz",
      "integrity": "sha512-PEIGCY5tSlUt50cqyMXfCzX+oOPqN0vuGqWzbcJ2xvnkzkq46oOpz7dQaTDBdfICb4N14+GARUDw2XV2N4tvzg==",
      "license": "MIT",
      "engines": {
        "node": ">=10.0.0"
      },
      "peerDependencies": {
        "bufferutil": "^4.0.1",
        "utf-8-validate": ">=5.0.2"
      },
      "peerDependenciesMeta": {
        "bufferutil": {
          "optional": true
        },
        "utf-8-validate": {
          "optional": true
        }
      }
    },
    "packages_imported/Kotlin-DateTime-library-kotlinx-datetime-wasm-js/0.8.0": {
      "name": "Kotlin-DateTime-library-kotlinx-datetime-wasm-js",
      "version": "0.8.0",
      "dependencies": {
        "@js-joda/core": "3.2.0"
      },
      "devDependencies": {}
    },
    "packages_imported/ktor-ktor-client-core/3.5.0": {
      "name": "ktor-ktor-client-core",
      "version": "3.5.0",
      "dependencies": {
        "ws": "8.18.3"
      },
      "devDependencies": {}
    },
    "packages/krwa-annotations-annotations": {
      "version": "0.3.0-SNAPSHOT",
      "devDependencies": {}
    },
    "packages/krwa-annotations-annotations-test": {
      "version": "0.3.0-SNAPSHOT",
      "devDependencies": {}
    },
    "packages/krwa-component-model": {
      "version": "0.3.0-SNAPSHOT",
      "dependencies": {
        "@js-joda/core": "3.2.0",
        "ws": "8.18.3"
      },
      "devDependencies": {}
    },
    "packages/krwa-component-model-test": {
      "version": "0.3.0-SNAPSHOT",
      "dependencies": {
        "@js-joda/core": "3.2.0",
        "ws": "8.18.3"
      },
      "devDependencies": {}
    },
    "packages/krwa-runtime": {
      "version": "0.3.0-SNAPSHOT",
      "devDependencies": {}
    },
    "packages/krwa-runtime-test": {
      "version": "0.3.0-SNAPSHOT",
      "devDependencies": {}
    },
    "packages/krwa-wasi": {
      "version": "0.3.0-SNAPSHOT",
      "devDependencies": {}
    },
    "packages/krwa-wasi-preview3": {
      "version": "0.3.0-SNAPSHOT",
      "devDependencies": {}
    },
    "packages/krwa-wasi-preview3-test": {
      "version": "0.3.0-SNAPSHOT",
      "devDependencies": {}
    },
    "packages/krwa-wasi-test": {
      "version": "0.3.0-SNAPSHOT",
      "devDependencies": {}
    },
    "packages/krwa-wasm": {
      "version": "0.3.0-SNAPSHOT",
      "devDependencies": {}
    },
    "packages/krwa-wasm-test": {
      "version": "0.3.0-SNAPSHOT",
      "devDependencies": {}
    }
  }
}
